{
  "version": "2",
  "remote": {
    "https://deno.land/std@0.105.0/_util/assert.ts": "2f868145a042a11d5ad0a3c748dcf580add8a0dbc0e876eaa0026303a5488f58",
    "https://deno.land/std@0.105.0/_util/has_own_property.ts": "f5edd94ed3f3c20c517d812045deb97977e18501c9b7105b5f5c11a31893d7a2",
    "https://deno.land/std@0.105.0/_util/os.ts": "dfb186cc4e968c770ab6cc3288bd65f4871be03b93beecae57d657232ecffcac",
    "https://deno.land/std@0.105.0/_wasm_crypto/crypto.js": "c887c5887192092b2180d8f91bc507c67fc837cb5572cf2de3d6de0dd6f43439",
    "https://deno.land/std@0.105.0/_wasm_crypto/crypto.wasm.js": "98270cd5221cb35c6ca904a5cf47be6a1348aba124271dd427ea2407cfad0f58",
    "https://deno.land/std@0.105.0/_wasm_crypto/mod.ts": "c66cd1689a2d995b065dc3c1e6099824b5e3556f6b83ec5ca681519eea6e8b7f",
    "https://deno.land/std@0.105.0/async/deadline.ts": "1d6ac7aeaee22f75eb86e4e105d6161118aad7b41ae2dd14f4cfd3bf97472b93",
    "https://deno.land/std@0.105.0/async/debounce.ts": "b2f693e4baa16b62793fd618de6c003b63228db50ecfe3bd51fc5f6dc0bc264b",
    "https://deno.land/std@0.105.0/async/deferred.ts": "ce81070ad3ba3294f3f34c032af884ccde1a20922b648f6eaee54bd8fd951a1e",
    "https://deno.land/std@0.105.0/async/delay.ts": "9de1d8d07d1927767ab7f82434b883f3d8294fb19cad819691a2ad81a728cf3d",
    "https://deno.land/std@0.105.0/async/mod.ts": "78425176fabea7bd1046ce3819fd69ce40da85c83e0f174d17e8e224a91f7d10",
    "https://deno.land/std@0.105.0/async/mux_async_iterator.ts": "62abff3af9ff619e8f2adc96fc70d4ca020fa48a50c23c13f12d02ed2b760dbe",
    "https://deno.land/std@0.105.0/async/pool.ts": "353ce4f91865da203a097aa6f33de8966340c91b6f4a055611c8c5d534afd12f",
    "https://deno.land/std@0.105.0/async/tee.ts": "6b8f1322b6dd2396202cfbe9cde9cab158d1e962cfd9197b0a97c6657bee79ce",
    "https://deno.land/std@0.105.0/bytes/bytes_list.ts": "a13287edb03f19d27ba4927dec6d6de3e5bd46254cd4aee6f7e5815810122673",
    "https://deno.land/std@0.105.0/bytes/mod.ts": "440684e07e8f57a19a43b34d57eb63af0b36fc92b6657b6dcdbf9d5612d62e29",
    "https://deno.land/std@0.105.0/crypto/mod.ts": "a562bf0fa4b5e3ab9108b5a3f252464daeb78a0a7734fb418a8bd091b201f695",
    "https://deno.land/std@0.105.0/encoding/base64.ts": "eecae390f1f1d1cae6f6c6d732ede5276bf4b9cd29b1d281678c054dc5cc009e",
    "https://deno.land/std@0.105.0/fmt/colors.ts": "d2f8355f00a74404668fc5a1e4a92983ce1a9b0a6ac1d40efbd681cb8f519586",
    "https://deno.land/std@0.105.0/http/_io.ts": "61c8171a7bfb8baad7570e2122d093a0c65ed3f02af04dfd6117006f3a5bb4e5",
    "https://deno.land/std@0.105.0/http/http_status.ts": "ebaa9bebfb8adc3d7b20c49e11037e4eefd79629ad80d81383933f4cdc91b3eb",
    "https://deno.land/std@0.105.0/http/server.ts": "500dd450202da79df1142c804e0d8d507baffaf81808ec8337238efbd3bb6005",
    "https://deno.land/std@0.105.0/io/buffer.ts": "3ead6bb11276ebcf093c403f74f67fd2205a515dbbb9061862c468ca56f37cd8",
    "https://deno.land/std@0.105.0/io/bufio.ts": "6024117aa37f8d21a116654bd5ca5191d803f6492bbc744e3cee5054d0e900d1",
    "https://deno.land/std@0.105.0/io/ioutil.ts": "3c6b7c8be3b8cd19746de028c40063193578612244a935dcc27be9f3ff343b0c",
    "https://deno.land/std@0.105.0/io/readers.ts": "17403919724fef2f343c88555606368868a5c752a1099ad801f6a381c170f62d",
    "https://deno.land/std@0.105.0/io/streams.ts": "da62ba7328645ad0c383d6b16b546bcbdc0f9c85141769b198294976026b6015",
    "https://deno.land/std@0.105.0/io/types.d.ts": "89a27569399d380246ca7cdd9e14d5e68459f11fb6110790cc5ecbd4ee7f3215",
    "https://deno.land/std@0.105.0/io/util.ts": "85c33d61b20fd706acc094fe80d4c8ae618b04abcf3a96ca2b47071842c1c8ac",
    "https://deno.land/std@0.105.0/path/_constants.ts": "1247fee4a79b70c89f23499691ef169b41b6ccf01887a0abd131009c5581b853",
    "https://deno.land/std@0.105.0/path/_interface.ts": "1fa73b02aaa24867e481a48492b44f2598cd9dfa513c7b34001437007d3642e4",
    "https://deno.land/std@0.105.0/path/_util.ts": "2e06a3b9e79beaf62687196bd4b60a4c391d862cfa007a20fc3a39f778ba073b",
    "https://deno.land/std@0.105.0/path/common.ts": "eaf03d08b569e8a87e674e4e265e099f237472b6fd135b3cbeae5827035ea14a",
    "https://deno.land/std@0.105.0/path/glob.ts": "3b84af55c53febacf6afe214c095624b22a56b6f57d7312157479cc783a0de65",
    "https://deno.land/std@0.105.0/path/mod.ts": "4465dc494f271b02569edbb4a18d727063b5dbd6ed84283ff906260970a15d12",
    "https://deno.land/std@0.105.0/path/posix.ts": "b81974c768d298f8dcd2c720229639b3803ca4a241fa9a355c762fa2bc5ef0c1",
    "https://deno.land/std@0.105.0/path/separator.ts": "8fdcf289b1b76fd726a508f57d3370ca029ae6976fcde5044007f062e643ff1c",
    "https://deno.land/std@0.105.0/path/win32.ts": "f4a3d4a3f2c9fe894da046d5eac48b5e789a0ebec5152b2c0985efe96a9f7ae1",
    "https://deno.land/std@0.105.0/testing/_diff.ts": "5d3693155f561d1a5443ac751ac70aab9f5d67b4819a621d4b96b8a1a1c89620",
    "https://deno.land/std@0.105.0/testing/asserts.ts": "e4311d45d956459d4423bc267208fe154b5294989da2ed93257b6a85cae0427e",
    "https://deno.land/std@0.105.0/textproto/mod.ts": "6e8430986393e3929720cec9c6668d75dee2ffd953886e842dc124c251cb86c8",
    "https://deno.land/std@0.105.0/ws/mod.ts": "21809c2884d3412a6f5af062bb84a35522eab7d1dfad287d3f1e85f86b9b0ed2",
    "https://deno.land/std@0.113.0/_util/assert.ts": "2f868145a042a11d5ad0a3c748dcf580add8a0dbc0e876eaa0026303a5488f58",
    "https://deno.land/std@0.113.0/bytes/bytes_list.ts": "3bff6a09c72b2e0b1e92e29bd3b135053894196cca07a2bba842901073efe5cb",
    "https://deno.land/std@0.113.0/bytes/equals.ts": "69f55fdbd45c71f920c1a621e6c0865dc780cd8ae34e0f5e55a9497b70c31c1b",
    "https://deno.land/std@0.113.0/bytes/mod.ts": "fedb80b8da2e7ad8dd251148e65f92a04c73d6c5a430b7d197dc39588c8dda6f",
    "https://deno.land/std@0.113.0/fmt/colors.ts": "8368ddf2d48dfe413ffd04cdbb7ae6a1009cf0dccc9c7ff1d76259d9c61a0621",
    "https://deno.land/std@0.113.0/io/buffer.ts": "a587093277c889ded709a933cd7d5b6285978275b2015a7cf9c8a3caad464236",
    "https://deno.land/std@0.113.0/io/bufio.ts": "0c0a1208afc2f5beeac453bfb1d3b7859053a1f95220e0ad227c7f29a8ac44eb",
    "https://deno.land/std@0.113.0/io/files.ts": "8794bf6014e6f3183fc5433926dfef4a50eb8d3ec3b6736ebb4277e5f0ce3420",
    "https://deno.land/std@0.113.0/io/types.d.ts": "89a27569399d380246ca7cdd9e14d5e68459f11fb6110790cc5ecbd4ee7f3215",
    "https://deno.land/std@0.113.0/io/util.ts": "419c0c176b743709cd1a7f41326b619d1575dddbaebe89d8a70718ca9f03487e",
    "https://deno.land/std@0.113.0/streams/conversion.ts": "fe0059ed9d3c53eda4ba44eb71a6a9acb98c5fdb5ba1b6c6ab28004724c7641b",
    "https://deno.land/std@0.113.0/testing/_diff.ts": "ccd6c3af6e44c74bf1591acb1361995f5f50df64323a6e7fb3f16c8ea792c940",
    "https://deno.land/std@0.113.0/testing/asserts.ts": "550c71c634c608cffabf9e50520435cf03ff4bbd1db1253b0ade4debb444b131",
    "https://deno.land/std@0.131.0/_util/assert.ts": "e94f2eb37cebd7f199952e242c77654e43333c1ac4c5c700e929ea3aa5489f74",
    "https://deno.land/std@0.131.0/_util/os.ts": "49b92edea1e82ba295ec946de8ffd956ed123e2948d9bd1d3e901b04e4307617",
    "https://deno.land/std@0.131.0/fmt/colors.ts": "30455035d6d728394781c10755351742dd731e3db6771b1843f9b9e490104d37",
    "https://deno.land/std@0.131.0/fs/exists.ts": "cb734d872f8554ea40b8bff77ad33d4143c1187eac621a55bf37781a43c56f6d",
    "https://deno.land/std@0.131.0/path/_constants.ts": "df1db3ffa6dd6d1252cc9617e5d72165cd2483df90e93833e13580687b6083c3",
    "https://deno.land/std@0.131.0/path/_interface.ts": "ee3b431a336b80cf445441109d089b70d87d5e248f4f90ff906820889ecf8d09",
    "https://deno.land/std@0.131.0/path/_util.ts": "c1e9686d0164e29f7d880b2158971d805b6e0efc3110d0b3e24e4b8af2190d2b",
    "https://deno.land/std@0.131.0/path/common.ts": "bee563630abd2d97f99d83c96c2fa0cca7cee103e8cb4e7699ec4d5db7bd2633",
    "https://deno.land/std@0.131.0/path/glob.ts": "cb5255638de1048973c3e69e420c77dc04f75755524cb3b2e160fe9277d939ee",
    "https://deno.land/std@0.131.0/path/mod.ts": "4275129bb766f0e475ecc5246aa35689eeade419d72a48355203f31802640be7",
    "https://deno.land/std@0.131.0/path/posix.ts": "663e4a6fe30a145f56aa41a22d95114c4c5582d8b57d2d7c9ed27ad2c47636bb",
    "https://deno.land/std@0.131.0/path/separator.ts": "fe1816cb765a8068afb3e8f13ad272351c85cbc739af56dacfc7d93d710fe0f9",
    "https://deno.land/std@0.131.0/path/win32.ts": "e7bdf63e8d9982b4d8a01ef5689425c93310ece950e517476e22af10f41a136e",
    "https://deno.land/std@0.131.0/testing/_diff.ts": "9d849cd6877694152e01775b2d93f9d6b7aef7e24bfe3bfafc4d7a1ac8e9f392",
    "https://deno.land/std@0.131.0/testing/asserts.ts": "b0ef969032882b1f7eb1c7571e313214baa1485f7b61cf35807b2434e254365c",
    "https://deno.land/std@0.140.0/_util/assert.ts": "e94f2eb37cebd7f199952e242c77654e43333c1ac4c5c700e929ea3aa5489f74",
    "https://deno.land/std@0.140.0/_util/os.ts": "3b4c6e27febd119d36a416d7a97bd3b0251b77c88942c8f16ee5953ea13e2e49",
    "https://deno.land/std@0.140.0/bytes/bytes_list.ts": "67eb118e0b7891d2f389dad4add35856f4ad5faab46318ff99653456c23b025d",
    "https://deno.land/std@0.140.0/bytes/equals.ts": "fc16dff2090cced02497f16483de123dfa91e591029f985029193dfaa9d894c9",
    "https://deno.land/std@0.140.0/bytes/mod.ts": "763f97d33051cc3f28af1a688dfe2830841192a9fea0cbaa55f927b49d49d0bf",
    "https://deno.land/std@0.140.0/encoding/base64.ts": "c8c16b4adaa60d7a8eee047c73ece26844435e8f7f1328d74593dbb2dd58ea4f",
    "https://deno.land/std@0.140.0/http/http_status.ts": "71838ad33cb03ff2575f5e8fdea5f930979cdff8a81c11ade497f11d4c026019",
    "https://deno.land/std@0.140.0/io/buffer.ts": "bd0c4bf53db4b4be916ca5963e454bddfd3fcd45039041ea161dbf826817822b",
    "https://deno.land/std@0.140.0/io/readers.ts": "15062a8863e6df8503ac6629924d04c5e65cf3da15997470525e705831a810c8",
    "https://deno.land/std@0.140.0/io/types.d.ts": "01f60ae7ec02675b5dbed150d258fc184a78dfe5c209ef53ba4422b46b58822c",
    "https://deno.land/std@0.140.0/path/_constants.ts": "df1db3ffa6dd6d1252cc9617e5d72165cd2483df90e93833e13580687b6083c3",
    "https://deno.land/std@0.140.0/path/_interface.ts": "ee3b431a336b80cf445441109d089b70d87d5e248f4f90ff906820889ecf8d09",
    "https://deno.land/std@0.140.0/path/_util.ts": "c1e9686d0164e29f7d880b2158971d805b6e0efc3110d0b3e24e4b8af2190d2b",
    "https://deno.land/std@0.140.0/path/common.ts": "bee563630abd2d97f99d83c96c2fa0cca7cee103e8cb4e7699ec4d5db7bd2633",
    "https://deno.land/std@0.140.0/path/glob.ts": "cb5255638de1048973c3e69e420c77dc04f75755524cb3b2e160fe9277d939ee",
    "https://deno.land/std@0.140.0/path/mod.ts": "d3e68d0abb393fb0bf94a6d07c46ec31dc755b544b13144dee931d8d5f06a52d",
    "https://deno.land/std@0.140.0/path/posix.ts": "293cdaec3ecccec0a9cc2b534302dfe308adb6f10861fa183275d6695faace44",
    "https://deno.land/std@0.140.0/path/separator.ts": "fe1816cb765a8068afb3e8f13ad272351c85cbc739af56dacfc7d93d710fe0f9",
    "https://deno.land/std@0.140.0/path/win32.ts": "31811536855e19ba37a999cd8d1b62078235548d67902ece4aa6b814596dd757",
    "https://deno.land/std@0.140.0/streams/conversion.ts": "712585bfa0172a97fb68dd46e784ae8ad59d11b88079d6a4ab098ff42e697d21",
    "https://deno.land/std@0.151.0/_util/assert.ts": "e94f2eb37cebd7f199952e242c77654e43333c1ac4c5c700e929ea3aa5489f74",
    "https://deno.land/std@0.151.0/_util/os.ts": "3b4c6e27febd119d36a416d7a97bd3b0251b77c88942c8f16ee5953ea13e2e49",
    "https://deno.land/std@0.151.0/path/_constants.ts": "df1db3ffa6dd6d1252cc9617e5d72165cd2483df90e93833e13580687b6083c3",
    "https://deno.land/std@0.151.0/path/_interface.ts": "ee3b431a336b80cf445441109d089b70d87d5e248f4f90ff906820889ecf8d09",
    "https://deno.land/std@0.151.0/path/_util.ts": "c1e9686d0164e29f7d880b2158971d805b6e0efc3110d0b3e24e4b8af2190d2b",
    "https://deno.land/std@0.151.0/path/common.ts": "bee563630abd2d97f99d83c96c2fa0cca7cee103e8cb4e7699ec4d5db7bd2633",
    "https://deno.land/std@0.151.0/path/glob.ts": "cb5255638de1048973c3e69e420c77dc04f75755524cb3b2e160fe9277d939ee",
    "https://deno.land/std@0.151.0/path/mod.ts": "4945b430b759b0b3d98f2a278542cbcf95e0ad2bd8eaaed3c67322b306b2b346",
    "https://deno.land/std@0.151.0/path/posix.ts": "c1f7afe274290ea0b51da07ee205653b2964bd74909a82deb07b69a6cc383aaa",
    "https://deno.land/std@0.151.0/path/separator.ts": "fe1816cb765a8068afb3e8f13ad272351c85cbc739af56dacfc7d93d710fe0f9",
    "https://deno.land/std@0.151.0/path/win32.ts": "bd7549042e37879c68ff2f8576a25950abbfca1d696d41d82c7bca0b7e6f452c",
    "https://deno.land/std@0.173.0/http/http_status.ts": "8a7bcfe3ac025199ad804075385e57f63d055b2aed539d943ccc277616d6f932",
    "https://deno.land/std@0.51.0/async/deferred.ts": "ac95025f46580cf5197928ba90995d87f26e202c19ad961bc4e3177310894cdc",
    "https://deno.land/std@0.51.0/async/delay.ts": "35957d585a6e3dd87706858fb1d6b551cb278271b03f52c5a2cb70e65e00c26a",
    "https://deno.land/std@0.51.0/async/mod.ts": "bf46766747775d0fc4070940d20d45fb311c814989485861cdc8a8ef0e3bbbab",
    "https://deno.land/std@0.51.0/async/mux_async_iterator.ts": "e2a4c2c53aee22374b493b88dfa08ad893bc352c8aeea34f1e543e938ec6ccc6",
    "https://deno.land/std@0.69.0/_util/assert.ts": "e1f76e77c5ccb5a8e0dbbbe6cce3a56d2556c8cb5a9a8802fc9565af72462149",
    "https://deno.land/std@0.69.0/bytes/mod.ts": "b1a149ac741728db00bda9ce1a2d044f248edd5ac95e708a6cc501bfd3adb4a7",
    "https://deno.land/std@0.69.0/encoding/base64.ts": "79c67b8a9d911eff89cafd84749587a2851a7bb3bed4e952f6cf4c2ff97ae120",
    "https://deno.land/std@0.69.0/encoding/hex.ts": "8dc1489e66b22fec26950c7a55391b12be0d9f9a80cbc7b422700cdff85cd2f7",
    "https://deno.land/std@0.69.0/fmt/colors.ts": "ce9375edade12ca09c257743f223fc469d72578d0c74a55cbf1a34f6198ce3df",
    "https://deno.land/std@0.69.0/fs/exists.ts": "5429dce6587bfcdde06a7a2a1fd5ad932c17d74ca082e67934fa646cff1d2e57",
    "https://deno.land/std@0.69.0/hash/_wasm/hash.ts": "005f64c4d9343ecbc91e0da9ae5e800f146c20930ad829bbb872c5c06bd89c5f",
    "https://deno.land/std@0.69.0/hash/_wasm/wasm.js": "10c91f7551443bd49b8ced10df7d5c2ce9a447d224eccc6d51f77730e074cdfe",
    "https://deno.land/std@0.69.0/hash/hasher.ts": "099c9e2a91b9f106b9f01379705e17e7d9de392ee1ea2b8684a2adfa82ac3bfc",
    "https://deno.land/std@0.69.0/hash/mod.ts": "e764a6a9ab2f5519a97f928e17cc13d984e3dd5c7f742ff9c1c8fb3114790f0c",
    "https://deno.land/std@0.69.0/io/bufio.ts": "e76c5b7bf978a638aae6f62b87efde3ab7203b85902ce9b84ac8388c8c2bb104",
    "https://deno.land/std@0.69.0/log/handlers.ts": "2c4fb9dca841efb551aac78dcb64db410ca4c4e7878aff2b49806d4a95621447",
    "https://deno.land/std@0.69.0/log/levels.ts": "d274b41f2dc909c6eef4e71c8a50ccbc81ea4e1df28cb268f02942966a205593",
    "https://deno.land/std@0.69.0/log/logger.ts": "53690b789cc64bec3f65b61ec29a59a5f570a1db6263f9ca518993c4137ff243",
    "https://deno.land/std@0.69.0/log/mod.ts": "8a7ddeb691b24ecac9f13ba340ba2776740fcd79ed4674408e48087b6af6ffec",
    "https://deno.land/std@0.69.0/path/_constants.ts": "aba480c4a2c098b6374fdd5951fea13ecc8aaaf8b8aa4dae1871baa50243d676",
    "https://deno.land/std@0.69.0/path/_interface.ts": "5876f91d35fd42624893a4aaddaee352144e1f46e719f1dde6511bab7c3c1029",
    "https://deno.land/std@0.69.0/path/_util.ts": "f0fa012d40ae9b6acbef03908e534eb11e694de6470fb4d78ea4f38829e735ab",
    "https://deno.land/std@0.69.0/path/common.ts": "e4ec66a7416d56f60331b66e27a8a4f08c7b1cf48e350271cb69754a01cf5c04",
    "https://deno.land/std@0.69.0/path/glob.ts": "43cc45e8649a35a199c4106dfdf66206f46dfd8e2e626a746512c1a1376fde99",
    "https://deno.land/std@0.69.0/path/mod.ts": "6de8885c2534757097818e302becd1cefcbc4c28ac022cc279e612ee04e8cfd1",
    "https://deno.land/std@0.69.0/path/posix.ts": "40c387415fca91b3482214cf74880c415cda90b337bebd2c9d4b62d2097bc146",
    "https://deno.land/std@0.69.0/path/separator.ts": "9dd15d46ff84a16e13554f56af7fee1f85f8d0f379efbbe60ac066a60561f036",
    "https://deno.land/std@0.69.0/path/win32.ts": "9e200471f24fb560d22e74b238133cb75ebb57bead933de1cc5aefed4cda3346",
    "https://deno.land/std@0.79.0/_util/assert.ts": "e1f76e77c5ccb5a8e0dbbbe6cce3a56d2556c8cb5a9a8802fc9565af72462149",
    "https://deno.land/std@0.79.0/_util/os.ts": "e2be3e25f96e4b5a233a08fd03aba80819bcaee66ac53c11c9b5aaa64799b475",
    "https://deno.land/std@0.79.0/path/_constants.ts": "3a19d04e5d6de4620df22ab40c2e8c9d87002b56702d2b4669c14dfa2765e368",
    "https://deno.land/std@0.79.0/path/_interface.ts": "67b276380d297a7cedc3c17f7a0bf122edcfc96a3e1f69de06f379d85ba0e2c0",
    "https://deno.land/std@0.79.0/path/_util.ts": "7820a788b35c26dfc27ff329df12507fc0553ae92727009597046f6cf856b4fa",
    "https://deno.land/std@0.79.0/path/common.ts": "e4ec66a7416d56f60331b66e27a8a4f08c7b1cf48e350271cb69754a01cf5c04",
    "https://deno.land/std@0.79.0/path/glob.ts": "c36be777b82346a3fac02ef0ffef7d6c9bfe4da50f4599c798d7ded072f88d22",
    "https://deno.land/std@0.79.0/path/mod.ts": "ef6a91aed4bc417eb56f8d5947f117f35ed3ca76c24d19dc482d3d6514218d5f",
    "https://deno.land/std@0.79.0/path/posix.ts": "0f635537634111caa17a944b7405cf0a50ed6d6dd1a847c65323bebeccec5718",
    "https://deno.land/std@0.79.0/path/separator.ts": "696812939d47fbe095002e92d595e3a1cdf03157222029a39c68dce9995f38c4",
    "https://deno.land/std@0.79.0/path/win32.ts": "c5efe2a88d2351adddb53c22439ef32dc1081bc0d4205ae54a2ce388bcc600fb",
    "https://deno.land/std@0.84.0/_util/assert.ts": "2f868145a042a11d5ad0a3c748dcf580add8a0dbc0e876eaa0026303a5488f58",
    "https://deno.land/std@0.84.0/_util/os.ts": "e282950a0eaa96760c0cf11e7463e66babd15ec9157d4c9ed49cc0925686f6a7",
    "https://deno.land/std@0.84.0/path/_constants.ts": "1247fee4a79b70c89f23499691ef169b41b6ccf01887a0abd131009c5581b853",
    "https://deno.land/std@0.84.0/path/_interface.ts": "1fa73b02aaa24867e481a48492b44f2598cd9dfa513c7b34001437007d3642e4",
    "https://deno.land/std@0.84.0/path/_util.ts": "f4fa69aa3cbbd8568763bfc43c7236875015ba343602d8bafd332b4b4243681b",
    "https://deno.land/std@0.84.0/path/common.ts": "eaf03d08b569e8a87e674e4e265e099f237472b6fd135b3cbeae5827035ea14a",
    "https://deno.land/std@0.84.0/path/glob.ts": "4a524c1c9da3e79a9fdabdc6e850cd9e41bdf31e442856ffa19c5b123268ca95",
    "https://deno.land/std@0.84.0/path/mod.ts": "4465dc494f271b02569edbb4a18d727063b5dbd6ed84283ff906260970a15d12",
    "https://deno.land/std@0.84.0/path/posix.ts": "1408f8ba482a4dc5fc0a7cd7be28bbbff9608d2b3b5ffdcf288ae1228d959add",
    "https://deno.land/std@0.84.0/path/separator.ts": "8fdcf289b1b76fd726a508f57d3370ca029ae6976fcde5044007f062e643ff1c",
    "https://deno.land/std@0.84.0/path/win32.ts": "6ca052f54500f00cd7a5172fde62900626ab620dcd5bdcf4e6f5695d001ddef6",
    "https://deno.land/std@0.97.0/_util/assert.ts": "2f868145a042a11d5ad0a3c748dcf580add8a0dbc0e876eaa0026303a5488f58",
    "https://deno.land/std@0.97.0/_util/os.ts": "e282950a0eaa96760c0cf11e7463e66babd15ec9157d4c9ed49cc0925686f6a7",
    "https://deno.land/std@0.97.0/fs/exists.ts": "b0d2e31654819cc2a8d37df45d6b14686c0cc1d802e9ff09e902a63e98b85a00",
    "https://deno.land/std@0.97.0/path/_constants.ts": "1247fee4a79b70c89f23499691ef169b41b6ccf01887a0abd131009c5581b853",
    "https://deno.land/std@0.97.0/path/_interface.ts": "1fa73b02aaa24867e481a48492b44f2598cd9dfa513c7b34001437007d3642e4",
    "https://deno.land/std@0.97.0/path/_util.ts": "2e06a3b9e79beaf62687196bd4b60a4c391d862cfa007a20fc3a39f778ba073b",
    "https://deno.land/std@0.97.0/path/common.ts": "eaf03d08b569e8a87e674e4e265e099f237472b6fd135b3cbeae5827035ea14a",
    "https://deno.land/std@0.97.0/path/glob.ts": "314ad9ff263b895795208cdd4d5e35a44618ca3c6dd155e226fb15d065008652",
    "https://deno.land/std@0.97.0/path/mod.ts": "4465dc494f271b02569edbb4a18d727063b5dbd6ed84283ff906260970a15d12",
    "https://deno.land/std@0.97.0/path/posix.ts": "f56c3c99feb47f30a40ce9d252ef6f00296fa7c0fcb6dd81211bdb3b8b99ca3b",
    "https://deno.land/std@0.97.0/path/separator.ts": "8fdcf289b1b76fd726a508f57d3370ca029ae6976fcde5044007f062e643ff1c",
    "https://deno.land/std@0.97.0/path/win32.ts": "77f7b3604e0de40f3a7c698e8a79e7f601dc187035a1c21cb1e596666ce112f8",
    "https://deno.land/std@0.99.0/_util/assert.ts": "2f868145a042a11d5ad0a3c748dcf580add8a0dbc0e876eaa0026303a5488f58",
    "https://deno.land/std@0.99.0/_util/os.ts": "e282950a0eaa96760c0cf11e7463e66babd15ec9157d4c9ed49cc0925686f6a7",
    "https://deno.land/std@0.99.0/path/_constants.ts": "1247fee4a79b70c89f23499691ef169b41b6ccf01887a0abd131009c5581b853",
    "https://deno.land/std@0.99.0/path/_interface.ts": "1fa73b02aaa24867e481a48492b44f2598cd9dfa513c7b34001437007d3642e4",
    "https://deno.land/std@0.99.0/path/_util.ts": "2e06a3b9e79beaf62687196bd4b60a4c391d862cfa007a20fc3a39f778ba073b",
    "https://deno.land/std@0.99.0/path/common.ts": "eaf03d08b569e8a87e674e4e265e099f237472b6fd135b3cbeae5827035ea14a",
    "https://deno.land/std@0.99.0/path/glob.ts": "314ad9ff263b895795208cdd4d5e35a44618ca3c6dd155e226fb15d065008652",
    "https://deno.land/std@0.99.0/path/mod.ts": "4465dc494f271b02569edbb4a18d727063b5dbd6ed84283ff906260970a15d12",
    "https://deno.land/std@0.99.0/path/posix.ts": "f56c3c99feb47f30a40ce9d252ef6f00296fa7c0fcb6dd81211bdb3b8b99ca3b",
    "https://deno.land/std@0.99.0/path/separator.ts": "8fdcf289b1b76fd726a508f57d3370ca029ae6976fcde5044007f062e643ff1c",
    "https://deno.land/std@0.99.0/path/win32.ts": "77f7b3604e0de40f3a7c698e8a79e7f601dc187035a1c21cb1e596666ce112f8",
    "https://deno.land/x/dejs@0.10.2/mod.ts": "8ca07db9a85c978c1c3741e673429fbff2bd063cb535bdb1b5b3375dba0a6fe3",
    "https://deno.land/x/dejs@0.10.2/vendor/https/deno.land/std/io/buffer.ts": "4d06894282448f4c72c840f4cc9938047fd4c31df386aca56cc35bc9c5332b6e",
    "https://deno.land/x/dejs@0.10.2/vendor/https/deno.land/std/io/bufio.ts": "fe78cd65be9f844e8299dbb94048db931d087b9b220d098c7c6e567fe4cf51d5",
    "https://deno.land/x/dejs@0.10.2/vendor/https/deno.land/std/io/util.ts": "0bcdf276b22f868c5c11254111bef8054f3b4f2e982c7a1d387523c4264db8cb",
    "https://deno.land/x/dejs@0.10.2/vendor/https/deno.land/x/lodash/escape.js": "653e406a1b9c947918c124ddbfb8d39d5cebe86884b819974b5de13279d52df5",
    "https://deno.land/x/denjucks@1.1.1/mod.d.ts": "4915e4c6eced9b9506d082e054066af95b0c1656fbfa5fcde4a643fcc40d523e",
    "https://deno.land/x/die_bart@v1.0.10/main.ts": "7c802c317e730394c6c6f8709a863c365aea2f04383c77f7592e3d3e2b68597f",
    "https://deno.land/x/die_bart@v1.0.10/src/Adapter.ts": "362dd1e291e6b76c3749588a22f14a1b9dce074d4ac5f380f27755bd2ca501be",
    "https://deno.land/x/die_bart@v1.0.10/src/Bart.ts": "bd02fcdebb4d7b2782edf7fdc87458a2d9e8af5502bd86ec7e240121939ec659",
    "https://deno.land/x/die_bart@v1.0.10/src/BuiltInHelpers.ts": "8b011c4d84c95c384794c9d3736e4fd97c1fda393727f39a63a1bdfa664a46f3",
    "https://deno.land/x/die_bart@v1.0.10/src/Utils.ts": "0442d74d981b6976c082ad0c686bb64abf532eafe65394e2851f199886943c47",
    "https://deno.land/x/die_bart@v1.0.8/main.ts": "7c802c317e730394c6c6f8709a863c365aea2f04383c77f7592e3d3e2b68597f",
    "https://deno.land/x/die_bart@v1.0.8/src/Adapter.ts": "7d485a8f15282e32ad70391416ac7b6c1e88ed159c31858af54b9117ca6d6ae4",
    "https://deno.land/x/die_bart@v1.0.8/src/Bart.ts": "bd02fcdebb4d7b2782edf7fdc87458a2d9e8af5502bd86ec7e240121939ec659",
    "https://deno.land/x/die_bart@v1.0.8/src/BuiltInHelpers.ts": "8b011c4d84c95c384794c9d3736e4fd97c1fda393727f39a63a1bdfa664a46f3",
    "https://deno.land/x/die_bart@v1.0.8/src/Utils.ts": "b577eb313b90e25ffcf3d0d492f67a0ea10ffa3f252431d546799a45cc302c07",
    "https://deno.land/x/die_bart@v1.0.9/main.ts": "7c802c317e730394c6c6f8709a863c365aea2f04383c77f7592e3d3e2b68597f",
    "https://deno.land/x/die_bart@v1.0.9/src/Adapter.ts": "7d485a8f15282e32ad70391416ac7b6c1e88ed159c31858af54b9117ca6d6ae4",
    "https://deno.land/x/die_bart@v1.0.9/src/Bart.ts": "bd02fcdebb4d7b2782edf7fdc87458a2d9e8af5502bd86ec7e240121939ec659",
    "https://deno.land/x/die_bart@v1.0.9/src/BuiltInHelpers.ts": "8b011c4d84c95c384794c9d3736e4fd97c1fda393727f39a63a1bdfa664a46f3",
    "https://deno.land/x/die_bart@v1.0.9/src/Utils.ts": "0442d74d981b6976c082ad0c686bb64abf532eafe65394e2851f199886943c47",
    "https://deno.land/x/eta@v1.12.3/compile-string.ts": "ecd6c10c1f826107758c1d7bbbb609cefeb98f0d6b1f6c7e1088d81febc07f9d",
    "https://deno.land/x/eta@v1.12.3/compile.ts": "f70e124ef6fc95a359b735dcf73dde5815b0f89611877f5c124f317e0dcff7bc",
    "https://deno.land/x/eta@v1.12.3/config.ts": "07f2e9f7e7aa135d7e8975b515624fb1831d3f242aa0d5b4b85032fc16dc48e5",
    "https://deno.land/x/eta@v1.12.3/containers.ts": "c584fb0daa77c11d31ccb74256adad116354411d030378a04e9745c358a3a453",
    "https://deno.land/x/eta@v1.12.3/err.ts": "7ca5fc2dc4bc222c755f155a9926e56404946fd084a1b0878b0a99d9327ea7dd",
    "https://deno.land/x/eta@v1.12.3/file-handlers.ts": "aa94b1f185fb9936960cb67faf8b819c754337cfaebc7cd1d24880f8f5386db2",
    "https://deno.land/x/eta@v1.12.3/file-helpers.ts": "4f031d275be10888ce0b7f99e3509e8cbef24bb4d5f1ebb1760659e41bb538f0",
    "https://deno.land/x/eta@v1.12.3/file-methods.ts": "c93afbbfa82c318db65c4d6b4e7f617efc6f04d7c2603cfd07ee2768b80ae1f5",
    "https://deno.land/x/eta@v1.12.3/file-utils.ts": "2a8dd25cc89d57b16df5142bf19350f056d2786ea664814c476e0c36e0f08171",
    "https://deno.land/x/eta@v1.12.3/mod.ts": "31219e28b55d1ff1777ef0e5513ea3588ebd5f220b512212334ec470030c2e39",
    "https://deno.land/x/eta@v1.12.3/parse.ts": "df29b6ae1fbdcba15295f8f07ed272b2c1f9927bc716f2863b18971d641f7506",
    "https://deno.land/x/eta@v1.12.3/polyfills.ts": "048f697fdf0ef002cc59cf7a69cf370e11877c3b7f9c0b68dd84ab4762e0ffdc",
    "https://deno.land/x/eta@v1.12.3/render.ts": "9173e99002a4169aeae45315bdd07cf4664c8dd9e39ce86d5c7daa989982f90c",
    "https://deno.land/x/eta@v1.12.3/storage.ts": "46f762d1c04d9095ed6fb694c0d993e9ae507a69bab469a5a3bd23a5a9a79983",
    "https://deno.land/x/eta@v1.12.3/utils.ts": "77ba806398590f4aff0ca1ea9485e769ba578eeb8776b4f2386067c9735b96c1",
    "https://deno.land/x/htmx_headers@v1.0.1/main.ts": "f238a0ecc09f8435d06b38cfab01329065068567c6f96929a3e3685cc2b9c0d7",
    "https://deno.land/x/lodash@4.17.15-es/_Symbol.js": "631160c3c0cbd05ec8a3d1934ded4a312504a29f04a00be2b29372d00dd6bc6d",
    "https://deno.land/x/lodash@4.17.15-es/_arrayMap.js": "ae3521733bd602f0f0443562ca13d3d1c8f42e130d4d4b0deacd931b68b0c60b",
    "https://deno.land/x/lodash@4.17.15-es/_baseGetTag.js": "3a9eebe37ba231eff0380b5f76ac5b5fcee4590665642fd052d77aa51c7d063f",
    "https://deno.land/x/lodash@4.17.15-es/_basePropertyOf.js": "a62950da12b7236a1524bc1191d43ed2edc6e93827f1b12e903d71f9f262e15b",
    "https://deno.land/x/lodash@4.17.15-es/_baseToString.js": "dc45840c564e75b058f8492a207d84a80629facdc33d80c4f05018aacdad675b",
    "https://deno.land/x/lodash@4.17.15-es/_escapeHtmlChar.js": "96451046e1ca9a2e38dafdd0635f163976631bea1a32688bfbed105f1c224940",
    "https://deno.land/x/lodash@4.17.15-es/_freeGlobal.js": "0b65c37b3c1ce6d1800cb59a330dde73f1009f0d10eeaf8fd45f7607b87db4c5",
    "https://deno.land/x/lodash@4.17.15-es/_getRawTag.js": "0023dec54160317b70d52df1d7918638bc16a2869b1bf355f0a4f3e755aa6faf",
    "https://deno.land/x/lodash@4.17.15-es/_objectToString.js": "8f1bb6043dc27219e71dfae28900a7f214a0856118a628efeb120169fe46fe8c",
    "https://deno.land/x/lodash@4.17.15-es/_root.js": "df58ff96c454ca91ace20d20e6af49b354c70dfba7e737adc00cd23e8ff77168",
    "https://deno.land/x/lodash@4.17.15-es/escape.js": "7babdce893618e4104b3baec5664f7d645b9a18d38e94ed09c4430ebb0f0a0ff",
    "https://deno.land/x/lodash@4.17.15-es/isArray.js": "0d9bcdfdf53955d9253076ddd68e0b992b2c91fb8364baa2ca971e57cbb74e4b",
    "https://deno.land/x/lodash@4.17.15-es/isObjectLike.js": "e45d69136695e8568c6fb3c7327f96ac1a8ff7284b1b22f26fb4654255fd0c6c",
    "https://deno.land/x/lodash@4.17.15-es/isSymbol.js": "f0dc1666c3cec2306cd4fd0f63a9a7ab1f25ed21d2db6664b1edc81bd3641a41",
    "https://deno.land/x/lodash@4.17.15-es/toString.js": "3f4c8d942944c3fe622e9fba36275b6291e834113619b266909822becfa94976",
    "https://deno.land/x/media_types@v2.10.1/db.ts": "d5ecfa410b570874a648aa12bac90d9c6704dc75f1e8c03b8cac97dd02b003ce",
    "https://deno.land/x/media_types@v2.10.1/deps.ts": "67c708236dc0dc64cc41d7622ecaa7643c6f6155842a99cff48453771e223d7d",
    "https://deno.land/x/media_types@v2.10.1/mod.ts": "d63583b978d32eff8b76e1ae5d83cba2fb27baa90cc1bcb0ad15a06122ea8c19",
    "https://deno.land/x/media_types@v2.7.1/db.ts": "1d95aa3fc1fe076638550640609394f0e157b18b430800e419aa7ece5c151d9c",
    "https://deno.land/x/media_types@v2.7.1/deps.ts": "cd4c31e4b5ed8c4d8c61bd2fb38a82d68d3fd2dcf6d43f22511cbe6d9d310e51",
    "https://deno.land/x/media_types@v2.7.1/mod.ts": "d63583b978d32eff8b76e1ae5d83cba2fb27baa90cc1bcb0ad15a06122ea8c19",
    "https://deno.land/x/media_types@v3.0.3/mod.ts": "c12ebcac562696c5679fc8d4f16531ec16349c2e7e9211108b27f0baa534eb62",
    "https://deno.land/x/oak@v10.6.0/application.ts": "37a78bc0464fa677df5c290ee9a30de1e3da7c6e0ce6c2ff4a721455d5d47b6b",
    "https://deno.land/x/oak@v10.6.0/body.ts": "80ef7b8e7bb6bd7907ecdfb9148bffdbde10f9d3be9336d84075038473f804a1",
    "https://deno.land/x/oak@v10.6.0/buf_reader.ts": "7cf96aa0ac670b75098113cf88a291a68332cc45efa8a9698f064ac5b8098a0f",
    "https://deno.land/x/oak@v10.6.0/content_disposition.ts": "8b8c3cb2fba7138cd5b7f82fc3b5ea39b33db924a824b28261659db7e164621e",
    "https://deno.land/x/oak@v10.6.0/context.ts": "078306333a79f1010a49d5e9a05fca3dbc0c18fbda7610fa05400fa2e6eb9f95",
    "https://deno.land/x/oak@v10.6.0/cookies.ts": "d9f94b99f26c6169c6982ce12323c41a548d001bfc28f464264c22dc3dbf2181",
    "https://deno.land/x/oak@v10.6.0/deps.ts": "82cc4358116d6794ed93d73ee5f1c73e14397101dd7fa9b1b2931041aab72927",
    "https://deno.land/x/oak@v10.6.0/etag.ts": "19918f5e1964e3fe6c9fe524a88ffbf9900ce1dfe4146b187b2a86256bb6b663",
    "https://deno.land/x/oak@v10.6.0/headers.ts": "9a28c40344e85be0877e192210f89d7de12fa3fc4e9c959f7480f6fc4006fcfe",
    "https://deno.land/x/oak@v10.6.0/helpers.ts": "42212afa07a560b2958359cc19577417e89d9574d6579551a0af36ff7f00cc6e",
    "https://deno.land/x/oak@v10.6.0/httpError.ts": "8368d20c2bbb1e97eab0f9de5752ed04217675b4b5f33862a4e0bde71a492096",
    "https://deno.land/x/oak@v10.6.0/http_server_native.ts": "549dffcd2db5cbb0e44ad50cf9c54956b42a10450b1ac66e1362e32a073c8c1b",
    "https://deno.land/x/oak@v10.6.0/http_server_native_request.ts": "07910ea2ed51af6c4e69addf9015cdd8d2b5c9ee03fd4993e386834a129a9eb6",
    "https://deno.land/x/oak@v10.6.0/isMediaType.ts": "e7457f8c14245a7bb9a3a48000d50e112bb6fcafeab8fd7bcff16363a0cd8687",
    "https://deno.land/x/oak@v10.6.0/keyStack.ts": "7594ef9ff4f9be12a4ad23471a5f8bcbdeb5c1ec8ff51229b47114176b5f280d",
    "https://deno.land/x/oak@v10.6.0/mediaTyper.ts": "042b853fc8e9c3f6c628dd389e03ef481552bf07242efc3f8a1af042102a6105",
    "https://deno.land/x/oak@v10.6.0/middleware.ts": "de14f045a2ddfe845d89b5d3140ff52cbcc6f3b3965391106ce04480f9786737",
    "https://deno.land/x/oak@v10.6.0/middleware/proxy.ts": "b927232f97ec18af4185d7912e45b1191e3ffe24a9c875262ad524211b1274c9",
    "https://deno.land/x/oak@v10.6.0/mod.ts": "08de87563f94b7efdd7497e2b06b6e7c8b30e2c209d42caf79d843f38adc2b92",
    "https://deno.land/x/oak@v10.6.0/multipart.ts": "23e85f51e155d4ff1e143e8bc8121e006135be7db7bad6367cee711eddd1b724",
    "https://deno.land/x/oak@v10.6.0/negotiation/charset.ts": "b4c2e0c49dd5122f130f95bf29508448d983c424801b5bc304b00288b5ae3195",
    "https://deno.land/x/oak@v10.6.0/negotiation/common.ts": "f54d599d37408005f8c565d0f6505de51fed31feaa3654a7758e2359c006b02c",
    "https://deno.land/x/oak@v10.6.0/negotiation/encoding.ts": "60eb0fc3df57cc39eaa739e0e9e2cda6c20b3aa429d1a0108f503065f5709bbe",
    "https://deno.land/x/oak@v10.6.0/negotiation/language.ts": "62ef13ea3146538dd52a4666611bd423ebb9a6438e7312398e17a4d16dbafb51",
    "https://deno.land/x/oak@v10.6.0/negotiation/mediaType.ts": "7e25cc34600beea3bf0b0879ff1783c752260fcb517dffea2e122830c36e8451",
    "https://deno.land/x/oak@v10.6.0/range.ts": "d13898fcfc27f42309535f8e06ba522f51c811372c7d3bd657a957b52a481622",
    "https://deno.land/x/oak@v10.6.0/request.ts": "50c16bd8f8adef03fbb280de8f23b8ea1927fa813bbc87041c35078ad74e70f1",
    "https://deno.land/x/oak@v10.6.0/response.ts": "04d5faebf53d79f69a093332fb2180904e8c47d3666f60754b72ef8aca4cfef0",
    "https://deno.land/x/oak@v10.6.0/router.ts": "21e9cd4c1d83c9a0848e5943074a5ea748932d8a5fee9ce528f8bd790eaf6483",
    "https://deno.land/x/oak@v10.6.0/send.ts": "1e1766c9d2569af636315933fab46b35459893464a759c9a00ece9440eb0a992",
    "https://deno.land/x/oak@v10.6.0/server_sent_event.ts": "948b0fe4cb3fe38c7db15e476eb3b7671ef20e566d130e9f701d7c0146aa47dd",
    "https://deno.land/x/oak@v10.6.0/structured_clone.ts": "ecf42598652b8082f37252cb873d6e257ad728e6fe73c6bd61f343d94501fbde",
    "https://deno.land/x/oak@v10.6.0/testing.ts": "5a2c53dd48e0b45994de668082d26dba4c2a0694f2ceeb1e7c68d5aca170c73f",
    "https://deno.land/x/oak@v10.6.0/tssCompare.ts": "27f45f507ef21ba7b727b6c66b491543e6e1815c17194bf0b1d7a1ea5ab8027b",
    "https://deno.land/x/oak@v10.6.0/types.d.ts": "a952d39b03215604c12d13688ed868986591e9ea4db831e18df7021fde50d9d3",
    "https://deno.land/x/oak@v10.6.0/util.ts": "090f6fbc994a91709560184cdde0d9e72056a41e620da7cde84011e11e6393a3",
    "https://deno.land/x/oak@v9.0.1/application.ts": "f45de3a3d5361f30b714f6ea8de540dacabdca87221e060b013634e9b9a02b99",
    "https://deno.land/x/oak@v9.0.1/async_iterable_reader.ts": "c227ea777f7afdfe85f09be5eafca40a0828de45bde95e87615f0463e58255c1",
    "https://deno.land/x/oak@v9.0.1/body.ts": "aed1142a5a09e96df561c9828d90e1d4939a066a4e590d9279e9a4cc83f10939",
    "https://deno.land/x/oak@v9.0.1/buf_reader.ts": "4454b43c85f3f1ad794d26cd57fa8f038c887b4014293f8f4cce8d847d0cd8f6",
    "https://deno.land/x/oak@v9.0.1/content_disposition.ts": "8b8c3cb2fba7138cd5b7f82fc3b5ea39b33db924a824b28261659db7e164621e",
    "https://deno.land/x/oak@v9.0.1/context.ts": "ff0543d340630c797b9e8f656a89cc5a86e7e688c791f0fbbf01d96a86d4017d",
    "https://deno.land/x/oak@v9.0.1/cookies.ts": "7460ac94282c7db484065909323980112396ce691fe2ee874237bcd7f4e913b3",
    "https://deno.land/x/oak@v9.0.1/deps.ts": "14936bcd809bc1e8d7db83f8982a298ce12063b6cbc4354a30c6280ede306b42",
    "https://deno.land/x/oak@v9.0.1/etag.ts": "ea6a767b9b7606d8c9c13d7edea468e93686a8303a62259d9a182f633acad646",
    "https://deno.land/x/oak@v9.0.1/headers.ts": "50b809d5f311837f49344f6622bfbe24c57e64cd788bfb8d66ac826d304e6c3a",
    "https://deno.land/x/oak@v9.0.1/helpers.ts": "c1cd593a85d294bf4d6c19c7b38c5a0951915114a6b9b0081a6dfb3aa9f83a42",
    "https://deno.land/x/oak@v9.0.1/httpError.ts": "3fd09d0392f194d825b0093a1a77df6ca9f92ab90ad42b6ca4fe5a4ae660e9a3",
    "https://deno.land/x/oak@v9.0.1/http_server_native.ts": "b73ea3f78d337a2c99b911d1661381fd66331d904c463ea48efa55e23b8b1d09",
    "https://deno.land/x/oak@v9.0.1/http_server_std.ts": "44adb52773a6985fb8376f2b37b5e4b8268b507ff411b641abedbed6f401aca7",
    "https://deno.land/x/oak@v9.0.1/isMediaType.ts": "e7457f8c14245a7bb9a3a48000d50e112bb6fcafeab8fd7bcff16363a0cd8687",
    "https://deno.land/x/oak@v9.0.1/keyStack.ts": "bfa8f388dbfccf0e133f7f5682c0ff6ca517581f639c228b4a6ad4b14b3f6b79",
    "https://deno.land/x/oak@v9.0.1/mediaTyper.ts": "042b853fc8e9c3f6c628dd389e03ef481552bf07242efc3f8a1af042102a6105",
    "https://deno.land/x/oak@v9.0.1/middleware.ts": "073665130709d495e058c68d67dbf09161d2a4a0ce2a8b4614f13f96e21a22cd",
    "https://deno.land/x/oak@v9.0.1/middleware/proxy.ts": "4cf18399c5ed04550d9f631db0a20aff328714ed712c50a8028ad7ebe61cd6cc",
    "https://deno.land/x/oak@v9.0.1/mod.ts": "fc6a57694d15de265944cae1685c28a6f6475ee041cd1c82a83c6abf4c001881",
    "https://deno.land/x/oak@v9.0.1/multipart.ts": "ae2751544e8eb93ab0308bb7f88aa073de8669903707c4d20d6403f1f27428aa",
    "https://deno.land/x/oak@v9.0.1/negotiation/charset.ts": "b4c2e0c49dd5122f130f95bf29508448d983c424801b5bc304b00288b5ae3195",
    "https://deno.land/x/oak@v9.0.1/negotiation/common.ts": "f54d599d37408005f8c565d0f6505de51fed31feaa3654a7758e2359c006b02c",
    "https://deno.land/x/oak@v9.0.1/negotiation/encoding.ts": "60eb0fc3df57cc39eaa739e0e9e2cda6c20b3aa429d1a0108f503065f5709bbe",
    "https://deno.land/x/oak@v9.0.1/negotiation/language.ts": "62ef13ea3146538dd52a4666611bd423ebb9a6438e7312398e17a4d16dbafb51",
    "https://deno.land/x/oak@v9.0.1/negotiation/mediaType.ts": "7e25cc34600beea3bf0b0879ff1783c752260fcb517dffea2e122830c36e8451",
    "https://deno.land/x/oak@v9.0.1/range.ts": "6892880e3171d614356adbfdf0fc5737569d5e7c9c24628c01ad4e7545899340",
    "https://deno.land/x/oak@v9.0.1/request.ts": "99ba6a44d7d4adf4552a042ad9f3ca96e112939f6de1be67de8e3ec975da11c3",
    "https://deno.land/x/oak@v9.0.1/response.ts": "8e81a70442b42492b9473c509cff304393ba0b660430b863dd2243b7d8f33465",
    "https://deno.land/x/oak@v9.0.1/router.ts": "a20b5c35ea2520767bf6e260e0b1b430e5045afa3cc69f8e8cbea363a7659eb3",
    "https://deno.land/x/oak@v9.0.1/send.ts": "00e08019db88d034c2ad2137e93c6ce6697fad9b4dfd22b4d53d3dae4e18bf1e",
    "https://deno.land/x/oak@v9.0.1/server_sent_event.ts": "90844f9c01f62f16f367bd4701006f434e80fde89751cdda980a1976d902b2c4",
    "https://deno.land/x/oak@v9.0.1/structured_clone.ts": "312fecb5d3d2ec2d74bda448b39bd35ad23169d7e894dc69e76e95d7d35d5c7e",
    "https://deno.land/x/oak@v9.0.1/testing.ts": "68e125ed9dce1595dfa64a615272272dc89dad19966a0a652ff840bbc8e64c72",
    "https://deno.land/x/oak@v9.0.1/tssCompare.ts": "1bb509ca043d13f8db90089bd3b74d9c2c35a7fe69f4e8a22537393f45754374",
    "https://deno.land/x/oak@v9.0.1/types.d.ts": "58377c68f61654596e296dca7bfe32071cfe81f2d732e1eb2d597e795a1a0759",
    "https://deno.land/x/oak@v9.0.1/util.ts": "9adea8989845d6589e73c8e2b832c335710b175e0d9b6a7c39c87c37ce1a4795",
    "https://deno.land/x/oak@v9.0.1/websocket.ts": "253972cc412d929e1df8ae4812c62e3b97a481b48b7481c72ba90c03e0e0ab59",
    "https://deno.land/x/oak_htmx@v1.0.3/deps.ts": "cd312b419020002800cb5d467ca85d021bcf9d1cb430daaba2ddfc5098a792ef",
    "https://deno.land/x/oak_htmx@v1.0.3/main.ts": "48140d777cb407a9172d43baf63ee6b1942c155e7c69f37de11e71b18f3e079f",
    "https://deno.land/x/oak_static_files@2.0.0/mod.ts": "4d83fbbb02cc4bf03bea57f0365abeb0ea3d369bef9b063e08049e8ea9fa089d",
    "https://deno.land/x/path_to_regexp@v6.2.0/index.ts": "e94c04a44bbecac99ff2db2d831afe98b423e627b775cb57fc7935f848c64c51",
    "https://deno.land/x/plugin_prepare@v0.8.0/deps.ts": "8d1f49743d451ebd584ca2e49bb6e0491fd89312a62ad79ea939c6edc1409bd0",
    "https://deno.land/x/plugin_prepare@v0.8.0/mod.ts": "fc7cb446b228311c3a1f093423a22b98cf2ca3b367841e5fc5119ff0c2350d0c",
    "https://deno.land/x/sass@v0.3.0/deps.ts": "c4ccc276fec523e50a140ea72c86599ba5b4f7ebc75e27d6d98d11adc3c7727c",
    "https://deno.land/x/sass@v0.3.0/mod.ts": "11864f2f858ce8da5d61f3b91542419cdf894c301da4f0607b3aab0de9a30ba8",
    "https://deno.land/x/sass@v0.3.0/plugin/index.ts": "90efdeac9b14529d32e349905078fe343e84529671e7d759cd2339cdebb89e0a",
    "https://deno.land/x/sass@v0.3.0/types/default.ts": "dc896e11ad64628570ea6878c598111bdaec63c3a8f1930ebff92cc33b49b87a",
    "https://deno.land/x/sass@v0.3.0/types/options.ts": "7089d8aae09321f3485203094cdd1c207e2bd7fa8149d296acc0c1ce40e53865",
    "https://deno.land/x/static_files@1.1.6/mod.ts": "8a9bb05599e53864c54eb22931fe98507818517e0d69f26e099a1d8f4ef2b638",
    "https://deno.land/x/static_files@1.1.6/src/deps.ts": "fb62be7a780339157bf692a619d6d02ea9662490deca275f488f9f9db917fc4a",
    "https://deno.land/x/static_files@1.1.6/src/types.ts": "ef201288626294e9e1b8ee85cdfe2cdfb282e4d78af445df1726050dfa0c0988",
    "https://deno.land/x/static_files@1.1.6/src/utils.ts": "9e6172dc97fed01e70a6b063c5afff40e20fe726b3bae0c5f0a962bad74b7107",
    "https://deno.land/x/view_engine@v10.6.0/deps.ts": "6181ee9c99678af032c0498a607e2727753f194db878f1b34185e7f638ceacee",
    "https://deno.land/x/view_engine@v10.6.0/lib/adapters/oak/oak.adapter.ts": "10ad2f95dbf0144f415cf59b96ccfe449107f79db008878ed57a0af31a09b81f",
    "https://deno.land/x/view_engine@v10.6.0/lib/adapters/oak/oak.utils.ts": "fc2cd36ef405e1d7c317be3ab82775c48b4b89dd55f289b86a4cb246905bbf30",
    "https://deno.land/x/view_engine@v10.6.0/lib/engines/dejs/dejs.engine.ts": "21ade7d8734b84d7ceb51c39ccf26ca5d2a1e85f5bd96ec8c73d1accb6c89083",
    "https://deno.land/x/view_engine@v10.6.0/lib/engines/denjuck/denjuck.engine.ts": "094907d1164c5aa28f010a6ead0443277a1be1c65c31a9740c9b6538f46c80dd",
    "https://deno.land/x/view_engine@v10.6.0/lib/engines/eta/eta.engine.ts": "c447e24fad541f7faf145224bbaaa608af8500b94205047f08e7713a6ad42c39",
    "https://deno.land/x/view_engine@v10.6.0/lib/engines/handlebars/handlebars.engine.ts": "5c4596890f6f3d265ad3cd2e39baaa96c37dd4f9312f6fc1a3623109af4c3367",
    "https://deno.land/x/view_engine@v10.6.0/lib/viewEngine.ts": "330c5db401ac28995d663514969a07dd4c4cd07ff5a0c7386fe34d4b44a79cfc",
    "https://deno.land/x/view_engine@v10.6.0/lib/viewEngine.type.ts": "764046c9faadcd2794e3b2dcda5e08caacd96a2e7bb26766e7d18993f8c19795",
    "https://deno.land/x/view_engine@v10.6.0/mod.ts": "d9db64850f6f6b75841a7eb545931f1f8c2fbc5ff0414a2ee625ef2e151eca1c",
    "https://dev.jspm.io/handlebars@4.7.6": "26ba31abe93897a86390da422b3488a253fc7976ae6b7454961842e3a7cf741a",
    "https://dev.jspm.io/npm:@jspm/core@2.0.0-beta.27/_/05d7e966.js": "528463059c53304f4317b81aa66accc0822bf837ab343296ec953e5745e434af",
    "https://dev.jspm.io/npm:@jspm/core@2.0.0-beta.27/_/19eb16ed.js": "2cfd8953833f40d325e55ac0baa079876a074e522d59ff308fdca85d8d29c264",
    "https://dev.jspm.io/npm:@jspm/core@2.0.0-beta.27/_/254d2cec.js": "7d1fe005e579cbbfc31c3fe6a23611662918ee75d1c2e0cbbbad1cf9fee4a668",
    "https://dev.jspm.io/npm:@jspm/core@2.0.0-beta.27/_/4b692d7d.js": "1a211473fdc649250b0205ca4378fa6b430c35772c6cbd2d1b7286bc18d38d6c",
    "https://dev.jspm.io/npm:@jspm/core@2.0.0-beta.27/_/90d5c88e.js": "3efc8f286333cbbd0c4345c7b3a764cad9fc44a5b22c512dcb9fc80f8ec6165c",
    "https://dev.jspm.io/npm:@jspm/core@2.0.0-beta.27/_/919d6b69.js": "53a285d12b8ab9fb3e509080454afd4e520a07a504c5c128dfec67af902277ef",
    "https://dev.jspm.io/npm:@jspm/core@2.0.0-beta.27/_/9a00abeb.js": "20bd2078ea72411fe8b4299db4006c00da768e523c84d602827dba2f99cf49c1",
    "https://dev.jspm.io/npm:@jspm/core@2.0.0-beta.27/_/9b69fd5b.js": "78c9661d2115d1642d10ea1b2cd7b484535c7ccef0a2fe195c8eca76823fadf9",
    "https://dev.jspm.io/npm:@jspm/core@2.0.0-beta.27/_/c2f4c945.js": "ea54f9adb9c1430d0944c1fe3f637bfa2b6ffcba7d29b5496d6317685450d5fb",
    "https://dev.jspm.io/npm:@jspm/core@2.0.0-beta.27/_/d792433a.js": "115353ee45149e7fe1a70b1627f28226dcdb7f530c91c3388efd17adabf3714c",
    "https://dev.jspm.io/npm:@jspm/core@2.0.0-beta.27/_/e31e0b89.js": "8bad5751f335ddcf55b63364f6400033c966decbf55f0ac8917fb51c0e622ca7",
    "https://dev.jspm.io/npm:@jspm/core@2.0.0-beta.27/nodelibs/assert": "59d0a06934c55fe9b1c39864ce19db0988cf04028f4f0a614d9aa8746970a3a0",
    "https://dev.jspm.io/npm:@jspm/core@2.0.0-beta.27/nodelibs/buffer": "543cdf00fe90af56276f394a31f8d8b5f76e2efb778a11f3dba8bdf4bbc3b87e",
    "https://dev.jspm.io/npm:@jspm/core@2.0.0-beta.27/nodelibs/events": "52f23383194e32b2c21cbbd64058b76674d3a99363d6565cc9892fefcd281c45",
    "https://dev.jspm.io/npm:@jspm/core@2.0.0-beta.27/nodelibs/fs": "704e9ee958798abb1ad78b2211995b596b9d9d117a1a13f1a7d86937c82ca2e9",
    "https://dev.jspm.io/npm:@jspm/core@2.0.0-beta.27/nodelibs/path": "cf054f39e817961d4ccf717d506e8e1d5a2b0693fba9aa2e33a54e90a1512da1",
    "https://dev.jspm.io/npm:@jspm/core@2.0.0-beta.27/nodelibs/stream": "e31817a0d4a9095c318e45ced56367f8d9270d81b78796bfecec529ef7e6d1f2",
    "https://dev.jspm.io/npm:@jspm/core@2.0.0-beta.27/nodelibs/url": "d639e0e88d4ef19b5fb649e7037e8c4ee1a3adebe2acb3951636f3939961ba73",
    "https://dev.jspm.io/npm:@jspm/core@2.0.0-beta.27/nodelibs/util": "c794b4adcdb3a07e57d788461e3698b7bf2c5f64d31403e2e67f92333e749db8",
    "https://dev.jspm.io/npm:@jspm/core@2/nodelibs/fs": "065048fb08d468d7a6a96d748f7235247287f66f31f63bd9db6020e174c105dd",
    "https://dev.jspm.io/npm:handlebars@4.7.6!cjs": "7c4c3725d5fe6b6a8a54a3ee7ad431408be352766bb7ef896939c187551843f4",
    "https://dev.jspm.io/npm:handlebars@4.7.6/_/a1417093.js": "c1e9780dc6eba8b9c77b349b067229cfe6f262065260f00eb408fe25f753eb4e",
    "https://dev.jspm.io/npm:handlebars@4.7.6/_/cac9e115.js": "d712286974b51838c57eda9b84edd2187073669da612431453dd9c86aea4bafc",
    "https://dev.jspm.io/npm:handlebars@4.7.6/dist/cjs/handlebars!cjs": "39a84a96491feffb39897da2bd9a849e79cb86cf5d5cd6da63284167483ee143",
    "https://dev.jspm.io/npm:handlebars@4.7.6/dist/cjs/handlebars/compiler/ast!cjs": "9b5076563dacb44748843115b0d6c14cc66e1488fc0c17b942d9c6a7d2a16ef5",
    "https://dev.jspm.io/npm:handlebars@4.7.6/dist/cjs/handlebars/compiler/compiler!cjs": "0116ca9751cbc064ca8c8dd719a79bbcc2f9c8ba54f951afde408fa220b9bb48",
    "https://dev.jspm.io/npm:handlebars@4.7.6/dist/cjs/handlebars/compiler/javascript-compiler!cjs": "6211fdc4922bd7ff5bc4e5daac54622aa377df6e45da0384bc81916f8a78bc3d",
    "https://dev.jspm.io/npm:handlebars@4.7.6/dist/cjs/handlebars/compiler/parser!cjs": "cffdba5c6d7f1dabede1d968acbec343c3fdc3eb6abc4d973f96f06ef327bbe8",
    "https://dev.jspm.io/npm:handlebars@4.7.6/dist/cjs/handlebars/compiler/visitor!cjs": "366dfb7b33c7a525522b008d4ed3eb541e682e03e0b3d6346e584a8bade1b0e3",
    "https://dev.jspm.io/npm:handlebars@4.7.6/dist/cjs/handlebars/exception!cjs": "973fe30ab9ef17857fcf6f38657afb3c8c02735c584a54013d1ee157db471774",
    "https://dev.jspm.io/npm:handlebars@4.7.6/dist/cjs/handlebars/runtime!cjs": "be7b1fda7d4e781cb513a8fd6ccf7e9c6a459b3539395eb10544e4cc4b5b75d0",
    "https://dev.jspm.io/npm:handlebars@4.7.6/dist/cjs/handlebars/safe-string!cjs": "6b426d71581c1f2fec0b25965e739b7a553b1d58c4f4837cc397fecb2c5ea94b",
    "https://dev.jspm.io/npm:handlebars@4.7.6/dist/cjs/handlebars/utils!cjs": "b6830092192b399eaa7fe03fd9f2081a8deac657f2e501a635c5f00e43c98a23",
    "https://dev.jspm.io/npm:source-map@0.6!cjs": "98204842c2889a2728857d34114c603627cf01a601269d0aeb82d19af66d1282",
    "https://dev.jspm.io/npm:source-map@0.6.1!cjs": "d1d2e76a70ee5b91b70626a8c4ae24bed218f7282c4e306fc98db210093fee49",
    "https://dev.jspm.io/npm:source-map@0.6.1/_/b1dbe139.js": "aad45c56f326044267c6d37e24aa452e2c37426d76cc545e07ffe8c340013b7c",
    "https://dev.jspm.io/npm:source-map@0.6.1/lib/source-map-consumer!cjs": "3fc73a10b598c0bd0d29d176488755a8c1f6d3325afcb5f751a0cc7cbfac0f61",
    "https://dev.jspm.io/npm:source-map@0.6.1/lib/source-map-generator!cjs": "dc7a5810cdbfdad9fe573906ed113610940ae91ba7e575b98ae14494cff15117",
    "https://dev.jspm.io/npm:source-map@0.6.1/lib/util!cjs": "e101e0e50d54f2c5ec3393035ebd39cc1b5a77abf3323220f0954f1b0e60b462",
    "https://raw.githubusercontent.com/jshttp/mime-db/v1.52.0/db.json": "85c8e1ba609079947c8df83c092900ab0226e1d7b60e5e7105fb7dd701833263",
    "https://raw.githubusercontent.com/lumeland/denjucks/v2.0.0/mod.js": "503ab3a3d7241d028f9e640796b083ccb70f978d18bfaf76dce1dead957e2ecf",
    "https://raw.githubusercontent.com/lumeland/denjucks/v2.0.0/src/compiler.js": "9f397d33d383433f5fa8717e49831f716cf269cdd2bd4c68c9ba25244c6a6584",
    "https://raw.githubusercontent.com/lumeland/denjucks/v2.0.0/src/deps.js": "3a9d03dcb2a82d90d5261bdc06bfa3f2ffe9c631f9e198a894cd8e9c5c110621",
    "https://raw.githubusercontent.com/lumeland/denjucks/v2.0.0/src/environment.js": "a768a72f2020c441eb69b48cababeaf5a5284a3603b79ecba46f6355940c5fc6",
    "https://raw.githubusercontent.com/lumeland/denjucks/v2.0.0/src/filters.js": "1e302487a69cf83a877bcffe43862d4c2f62a0642ffaa24eadb48de7fe7e8289",
    "https://raw.githubusercontent.com/lumeland/denjucks/v2.0.0/src/globals.js": "3cf1cd209bb67c5940bf19f68db431ec41be7b16f575b68b5b0756fd6b84b8cc",
    "https://raw.githubusercontent.com/lumeland/denjucks/v2.0.0/src/jinja-compat.js": "52018433c1f9ea6482acb27638d5a2ecfda108fb82bbcdae1e594101361de672",
    "https://raw.githubusercontent.com/lumeland/denjucks/v2.0.0/src/lexer.js": "2601569867c7614b053b82aaf90ae6bb8040188335c8c1b9d66cd3582d393d22",
    "https://raw.githubusercontent.com/lumeland/denjucks/v2.0.0/src/lib.js": "f357f87f1b83fa2d4787485709fa99ba0d0c61f6c13b4e1da60b5e953ceeea3f",
    "https://raw.githubusercontent.com/lumeland/denjucks/v2.0.0/src/loader.js": "d0686ee4ba2647a75a360564d0d6490e72403bf30a9fa872a5727714a324f9f0",
    "https://raw.githubusercontent.com/lumeland/denjucks/v2.0.0/src/loaders.js": "6a73e8912450972c3d159606ee05f545fcfe4f16f6042db97fc82ec797fe1d84",
    "https://raw.githubusercontent.com/lumeland/denjucks/v2.0.0/src/node-loaders.js": "6ee0400857bbe9784c8cfe044e8b83bfb0da235d4f58d4e85570ea2318cd8301",
    "https://raw.githubusercontent.com/lumeland/denjucks/v2.0.0/src/nodes.js": "8d6f95759377dd2a676e014eaada0959cbaf1e6234638d529d5ec5ec4f30e93c",
    "https://raw.githubusercontent.com/lumeland/denjucks/v2.0.0/src/object.js": "664e6b2c1522afff889f5eacd8e3c3b4d0e81c26f2a7d32d86689f9be8ccebc6",
    "https://raw.githubusercontent.com/lumeland/denjucks/v2.0.0/src/parser.js": "7a8dba1d38efac9a0de31f225fd654ddb8851311ceb9da123eb39093acbae98a",
    "https://raw.githubusercontent.com/lumeland/denjucks/v2.0.0/src/precompile-global.js": "46995dd25ed0e0752d531f00640384cdd317bcda86aff59316d674dfe7edc96e",
    "https://raw.githubusercontent.com/lumeland/denjucks/v2.0.0/src/precompile.js": "8abedd7c58400298a80b6b126d1be8ffc27d8d57fab449051c5188bf93e73f01",
    "https://raw.githubusercontent.com/lumeland/denjucks/v2.0.0/src/precompiled-loader.js": "ddc9f2fb50fdf511dc743b4e99815cda51dc8f55be962aa0ac24bf793b4b1101",
    "https://raw.githubusercontent.com/lumeland/denjucks/v2.0.0/src/runtime.js": "9624ff5ac01f0106da4c20f4192b09ba9b8e0587289f07c2b3d817734bb0977a",
    "https://raw.githubusercontent.com/lumeland/denjucks/v2.0.0/src/transformer.js": "d0204985f527419304a3ab9547265b8fdb0d50da0716a208175606a09f227cd6",
    "https://raw.githubusercontent.com/lumeland/denjucks/v2.0.0/src/waterfall.js": "75da7663c4633cfbf0ae617dc3ca4e925808e2c66107ca1585524778d1f37986"
  }
}
